
<<<<<<< HEAD
Microsoft Visual Studio Solution File, Format Version 11.00
# Visual Studio 2010
Project("{FAE04EC0-301F-11D3-BF4B-00C04F79EFBC}") = "Assembly-CSharp", "Assembly-CSharp.csproj", "{787144E6-45DB-4A4D-877E-11219B4C2818}"
=======
Microsoft Visual Studio Solution File, Format Version 12.00
# Visual Studio 15
Project("{FAE04EC0-301F-11D3-BF4B-00C04F79EFBC}") = "ARKHAM_0.08", "ARKHAM_0.08.csproj", "{438169DD-A08C-B3B5-C43D-A53033FA4A27}"
>>>>>>> 75ed6523c72144138616cf66237a57fbac4dc650
EndProject
Global
	GlobalSection(SolutionConfigurationPlatforms) = preSolution
		Debug|Any CPU = Debug|Any CPU
		Release|Any CPU = Release|Any CPU
	EndGlobalSection
	GlobalSection(ProjectConfigurationPlatforms) = postSolution
		{438169DD-A08C-B3B5-C43D-A53033FA4A27}.Debug|Any CPU.ActiveCfg = Debug|Any CPU
		{438169DD-A08C-B3B5-C43D-A53033FA4A27}.Debug|Any CPU.Build.0 = Debug|Any CPU
		{438169DD-A08C-B3B5-C43D-A53033FA4A27}.Release|Any CPU.ActiveCfg = Release|Any CPU
		{438169DD-A08C-B3B5-C43D-A53033FA4A27}.Release|Any CPU.Build.0 = Release|Any CPU
	EndGlobalSection
	GlobalSection(SolutionProperties) = preSolution
		HideSolutionNode = FALSE
	EndGlobalSection
	GlobalSection(MonoDevelopProperties) = preSolution
		StartupItem = Assembly-CSharp.csproj
	EndGlobalSection
EndGlobal
